// !$*UTF8*$!
{
	archiveVersion = 1;
	classes = {
	};
	objectVersion = 46;
	objects = {

/* Begin PBXBuildFile section */
		96DD047A15F565E1005D09B6 /* Foundation.framework in Frameworks */ = {isa = PBXBuildFile; fileRef = 96DD047915F565E1005D09B6 /* Foundation.framework */; };
		96DD047F15F565E3005D09B6 /* StandartBase.h in CopyFiles */ = {isa = PBXBuildFile; fileRef = 96DD047E15F565E3005D09B6 /* StandartBase.h */; };
		96DD048115F565E4005D09B6 /* StandartBase.m in Sources */ = {isa = PBXBuildFile; fileRef = 96DD048015F565E4005D09B6 /* StandartBase.m */; };
/* End PBXBuildFile section */

/* Begin PBXCopyFilesBuildPhase section */
		96DD047415F565E1005D09B6 /* CopyFiles */ = {
			isa = PBXCopyFilesBuildPhase;
			buildActionMask = 2147483647;
			dstPath = "include/${PRODUCT_NAME}";
			dstSubfolderSpec = 16;
			files = (
				96DD047F15F565E3005D09B6 /* StandartBase.h in CopyFiles */,
			);
			runOnlyForDeploymentPostprocessing = 0;
		};
/* End PBXCopyFilesBuildPhase section */

/* Begin PBXFileReference section */
		96DD047615F565E1005D09B6 /* libStandartBase.a */ = {isa = PBXFileReference; explicitFileType = archive.ar; includeInIndex = 0; path = libStandartBase.a; sourceTree = BUILT_PRODUCTS_DIR; };
		96DD047915F565E1005D09B6 /* Foundation.framework */ = {isa = PBXFileReference; lastKnownFileType = wrapper.framework; name = Foundation.framework; path = System/Library/Frameworks/Foundation.framework; sourceTree = SDKROOT; };
		96DD047D15F565E2005D09B6 /* StandartBase-Prefix.pch */ = {isa = PBXFileReference; lastKnownFileType = sourcecode.c.h; path = "StandartBase-Prefix.pch"; sourceTree = "<group>"; };
		96DD047E15F565E3005D09B6 /* StandartBase.h */ = {isa = PBXFileReference; lastKnownFileType = sourcecode.c.h; path = StandartBase.h; sourceTree = "<group>"; };
		96DD048015F565E4005D09B6 /* StandartBase.m */ = {isa = PBXFileReference; lastKnownFileType = sourcecode.c.objc; path = StandartBase.m; sourceTree = "<group>"; };
/* End PBXFileReference section */

/* Begin PBXFrameworksBuildPhase section */
		96DD047315F565E1005D09B6 /* Frameworks */ = {
			isa = PBXFrameworksBuildPhase;
			buildActionMask = 2147483647;
			files = (
				96DD047A15F565E1005D09B6 /* Foundation.framework in Frameworks */,
			);
			runOnlyForDeploymentPostprocessing = 0;
		};
/* End PBXFrameworksBuildPhase section */

/* Begin PBXGroup section */
		96DD046B15F565E0005D09B6 = {
			isa = PBXGroup;
			children = (
				96DD047B15F565E1005D09B6 /* StandartBase */,
				96DD047815F565E1005D09B6 /* Frameworks */,
				96DD047715F565E1005D09B6 /* Products */,
			);
			sourceTree = "<group>";
		};
		96DD047715F565E1005D09B6 /* Products */ = {
			isa = PBXGroup;
			children = (
				96DD047615F565E1005D09B6 /* libStandartBase.a */,
			);
			name = Products;
			sourceTree = "<group>";
		};
		96DD047815F565E1005D09B6 /* Frameworks */ = {
			isa = PBXGroup;
			children = (
				96DD047915F565E1005D09B6 /* Foundation.framework */,
			);
			name = Frameworks;
			sourceTree = "<group>";
		};
		96DD047B15F565E1005D09B6 /* StandartBase */ = {
			isa = PBXGroup;
			children = (
				96DD047E15F565E3005D09B6 /* StandartBase.h */,
				96DD048015F565E4005D09B6 /* StandartBase.m */,
				96DD047C15F565E2005D09B6 /* Supporting Files */,
			);
			path = StandartBase;
			sourceTree = "<group>";
		};
		96DD047C15F565E2005D09B6 /* Supporting Files */ = {
			isa = PBXGroup;
			children = (
				96DD047D15F565E2005D09B6 /* StandartBase-Prefix.pch */,
			);
			name = "Supporting Files";
			sourceTree = "<group>";
		};
/* End PBXGroup section */

/* Begin PBXNativeTarget section */
		96DD047515F565E1005D09B6 /* StandartBase */ = {
			isa = PBXNativeTarget;
			buildConfigurationList = 96DD048415F565E4005D09B6 /* Build configuration list for PBXNativeTarget "StandartBase" */;
			buildPhases = (
				96DD047215F565E1005D09B6 /* Sources */,
				96DD047315F565E1005D09B6 /* Frameworks */,
				96DD047415F565E1005D09B6 /* CopyFiles */,
			);
			buildRules = (
			);
			dependencies = (
			);
			name = StandartBase;
			productName = StandartBase;
			productReference = 96DD047615F565E1005D09B6 /* libStandartBase.a */;
			productType = "com.apple.product-type.library.static";
		};
/* End PBXNativeTarget section */

/* Begin PBXProject section */
		96DD046D15F565E0005D09B6 /* Project object */ = {
			isa = PBXProject;
			attributes = {
				LastUpgradeCheck = 0440;
				ORGANIZATIONNAME = "Anil Can Baykal";
			};
			buildConfigurationList = 96DD047015F565E0005D09B6 /* Build configuration list for PBXProject "StandartBase" */;
			compatibilityVersion = "Xcode 3.2";
			developmentRegion = English;
			hasScannedForEncodings = 0;
			knownRegions = (
				en,
			);
			mainGroup = 96DD046B15F565E0005D09B6;
			productRefGroup = 96DD047715F565E1005D09B6 /* Products */;
			projectDirPath = "";
			projectRoot = "";
			targets = (
				96DD047515F565E1005D09B6 /* StandartBase */,
			);
		};
/* End PBXProject section */

/* Begin PBXSourcesBuildPhase section */
		96DD047215F565E1005D09B6 /* Sources */ = {
			isa = PBXSourcesBuildPhase;
			buildActionMask = 2147483647;
			files = (
				96DD048115F565E4005D09B6 /* StandartBase.m in Sources */,
			);
			runOnlyForDeploymentPostprocessing = 0;
		};
/* End PBXSourcesBuildPhase section */

/* Begin XCBuildConfiguration section */
		96DD048215F565E4005D09B6 /* Debug */ = {
			isa = XCBuildConfiguration;
			buildSettings = {
				ALWAYS_SEARCH_USER_PATHS = NO;
				ARCHS = "$(ARCHS_STANDARD_32_BIT)";
				CLANG_CXX_LANGUAGE_STANDARD = "gnu++0x";
				CLANG_WARN__DUPLICATE_METHOD_MATCH = YES;
				COPY_PHASE_STRIP = NO;
				GCC_C_LANGUAGE_STANDARD = gnu99;
				GCC_DYNAMIC_NO_PIC = NO;
				GCC_OPTIMIZATION_LEVEL = 0;
				GCC_PREPROCESSOR_DEFINITIONS = (
					"DEBUG=1",
					"$(inherited)",
				);
				GCC_SYMBOLS_PRIVATE_EXTERN = NO;
				GCC_VERSION = com.apple.compilers.llvm.clang.1_0;
				GCC_WARN_ABOUT_RETURN_TYPE = YES;
				GCC_WARN_UNINITIALIZED_AUTOS = YES;
				GCC_WARN_UNUSED_VARIABLE = YES;
				IPHONEOS_DEPLOYMENT_TARGET = 5.1;
				SDKROOT = iphoneos;
			};
			name = Debug;
		};
		96DD048315F565E4005D09B6 /* Release */ = {
			isa = XCBuildConfiguration;
			buildSettings = {
				ALWAYS_SEARCH_USER_PATHS = NO;
				ARCHS = "$(ARCHS_STANDARD_32_BIT)";
				CLANG_CXX_LANGUAGE_STANDARD = "gnu++0x";
				CLANG_WARN__DUPLICATE_METHOD_MATCH = YES;
				COPY_PHASE_STRIP = YES;
				GCC_C_LANGUAGE_STANDARD = gnu99;
				GCC_VERSION = com.apple.compilers.llvm.clang.1_0;
				GCC_WARN_ABOUT_RETURN_TYPE = YES;
				GCC_WARN_UNINITIALIZED_AUTOS = YES;
				GCC_WARN_UNUSED_VARIABLE = YES;
				IPHONEOS_DEPLOYMENT_TARGET = 5.1;
				SDKROOT = iphoneos;
				VALIDATE_PRODUCT = YES;
			};
			name = Release;
		};
		96DD048515F565E4005D09B6 /* Debug */ = {
			isa = XCBuildConfiguration;
			buildSettings = {
				DSTROOT = /tmp/StandartBase.dst;
				GCC_PRECOMPILE_PREFIX_HEADER = YES;
				GCC_PREFIX_HEADER = "StandartBase/StandartBase-Prefix.pch";
				OTHER_LDFLAGS = "-ObjC";
				PRODUCT_NAME = "$(TARGET_NAME)";
				SKIP_INSTALL = YES;
			};
			name = Debug;
		};
		96DD048615F565E4005D09B6 /* Release */ = {
			isa = XCBuildConfiguration;
			buildSettings = {
				DSTROOT = /tmp/StandartBase.dst;
				GCC_PRECOMPILE_PREFIX_HEADER = YES;
				GCC_PREFIX_HEADER = "StandartBase/StandartBase-Prefix.pch";
				OTHER_LDFLAGS = "-ObjC";
				PRODUCT_NAME = "$(TARGET_NAME)";
				SKIP_INSTALL = YES;
			};
			name = Release;
		};
/* End XCBuildConfiguration section */

/* Begin XCConfigurationList section */
		96DD047015F565E0005D09B6 /* Build configuration list for PBXProject "StandartBase" */ = {
			isa = XCConfigurationList;
			buildConfigurations = (
				96DD048215F565E4005D09B6 /* Debug */,
				96DD048315F565E4005D09B6 /* Release */,
			);
			defaultConfigurationIsVisible = 0;
			defaultConfigurationName = Release;
		};
		96DD048415F565E4005D09B6 /* Build configuration list for PBXNativeTarget "StandartBase" */ = {
			isa = XCConfigurationList;
			buildConfigurations = (
				96DD048515F565E4005D09B6 /* Debug */,
				96DD048615F565E4005D09B6 /* Release */,
			);
			defaultConfigurationIsVisible = 0;
		};
/* End XCConfigurationList section */
	};
	rootObject = 96DD046D15F565E0005D09B6 /* Project object */;
}
